
Microsoft Visual Studio Solution File, Format Version 12.00
# Visual Studio Version 17
VisualStudioVersion = 17.3.32901.215
MinimumVisualStudioVersion = 10.0.40219.1
Project("{FAE04EC0-301F-11D3-BF4B-00C04F79EFBC}") = "tek çift oyunu", "tek çift oyunu\tek çift oyunu.csproj", "{BB0DB5CC-E0D2-492C-8319-BFE66F725E48}"
EndProject
Global
	GlobalSection(SolutionConfigurationPlatforms) = preSolution
		Debug|Any CPU = Debug|Any CPU
		Release|Any CPU = Release|Any CPU
	EndGlobalSection
	GlobalSection(ProjectConfigurationPlatforms) = postSolution
		{BB0DB5CC-E0D2-492C-8319-BFE66F725E48}.Debug|Any CPU.ActiveCfg = Debug|Any CPU
		{BB0DB5CC-E0D2-492C-8319-BFE66F725E48}.Debug|Any CPU.Build.0 = Debug|Any CPU
		{BB0DB5CC-E0D2-492C-8319-BFE66F725E48}.Release|Any CPU.ActiveCfg = Release|Any CPU
		{BB0DB5CC-E0D2-492C-8319-BFE66F725E48}.Release|Any CPU.Build.0 = Release|Any CPU
	EndGlobalSection
	GlobalSection(SolutionProperties) = preSolution
		HideSolutionNode = FALSE
	EndGlobalSection
	GlobalSection(ExtensibilityGlobals) = postSolution
		SolutionGuid = {E36067F1-8E77-4CC9-8B5D-669CC26A2BBC}
	EndGlobalSection
EndGlobal
